
Microsoft Visual Studio Solution File, Format Version 12.00
# Visual Studio Version 17
VisualStudioVersion = 17.1.32414.318
MinimumVisualStudioVersion = 10.0.40219.1
Project("{FAE04EC0-301F-11D3-BF4B-00C04F79EFBC}") = "Nocturnal CVR Better Fly", "Nocturnal CVR Better Fly\Nocturnal CVR Better Fly.csproj", "{776CFB4B-75B5-4AEC-A47B-8E5C559C725E}"
EndProject
Global
	GlobalSection(SolutionConfigurationPlatforms) = preSolution
		Debug|Any CPU = Debug|Any CPU
		Release|Any CPU = Release|Any CPU
	EndGlobalSection
	GlobalSection(ProjectConfigurationPlatforms) = postSolution
		{776CFB4B-75B5-4AEC-A47B-8E5C559C725E}.Debug|Any CPU.ActiveCfg = Debug|Any CPU
		{776CFB4B-75B5-4AEC-A47B-8E5C559C725E}.Debug|Any CPU.Build.0 = Debug|Any CPU
		{776CFB4B-75B5-4AEC-A47B-8E5C559C725E}.Release|Any CPU.ActiveCfg = Release|Any CPU
		{776CFB4B-75B5-4AEC-A47B-8E5C559C725E}.Release|Any CPU.Build.0 = Release|Any CPU
	EndGlobalSection
	GlobalSection(SolutionProperties) = preSolution
		HideSolutionNode = FALSE
	EndGlobalSection
	GlobalSection(ExtensibilityGlobals) = postSolution
		SolutionGuid = {35917D19-04D1-47C9-8A76-F81FDD027FA8}
	EndGlobalSection
EndGlobal
